// !$*UTF8*$!
{
	archiveVersion = 1;
	classes = {
	};
	objectVersion = 56;
	objects = {

/* Begin PBXBuildFile section */
		B80EE9502A96532A00B84315 /* TransactionDetailsView.swift in Sources */ = {isa = PBXBuildFile; fileRef = B80EE94F2A96532A00B84315 /* TransactionDetailsView.swift */; };
		B80EE9562A96626700B84315 /* Localizable.strings in Resources */ = {isa = PBXBuildFile; fileRef = B80EE9582A96626700B84315 /* Localizable.strings */; };
		B816AB102A93BA22003A850D /* TransactionsView.swift in Sources */ = {isa = PBXBuildFile; fileRef = B816AB0F2A93BA22003A850D /* TransactionsView.swift */; };
		B816AB142A93C13A003A850D /* TransactionsAPI.swift in Sources */ = {isa = PBXBuildFile; fileRef = B816AB132A93C13A003A850D /* TransactionsAPI.swift */; };
		B816AB162A93C1C7003A850D /* NetworkConfig.swift in Sources */ = {isa = PBXBuildFile; fileRef = B816AB152A93C1C7003A850D /* NetworkConfig.swift */; };
		B816AB1E2A93D990003A850D /* TransactionsAPITests.swift in Sources */ = {isa = PBXBuildFile; fileRef = B816AB1D2A93D990003A850D /* TransactionsAPITests.swift */; };
		B816AB212A93DFC9003A850D /* PBTransactions.json in Resources */ = {isa = PBXBuildFile; fileRef = B816AB202A93DAB9003A850D /* PBTransactions.json */; };
		B816AB222A93DFCD003A850D /* PBTransactions.json in Resources */ = {isa = PBXBuildFile; fileRef = B816AB182A93D8B5003A850D /* PBTransactions.json */; };
		B816AB242A93E2C8003A850D /* TransactionsApiModel.swift in Sources */ = {isa = PBXBuildFile; fileRef = B816AB232A93E2C8003A850D /* TransactionsApiModel.swift */; };
		B859ED422A94FAB50096CD8C /* TransactionsViewModel.swift in Sources */ = {isa = PBXBuildFile; fileRef = B859ED412A94FAB50096CD8C /* TransactionsViewModel.swift */; };
		B859ED452A94FB5C0096CD8C /* TransactionsItemView.swift in Sources */ = {isa = PBXBuildFile; fileRef = B859ED442A94FB5C0096CD8C /* TransactionsItemView.swift */; };
		B859ED482A94FBD00096CD8C /* TransactionItem.swift in Sources */ = {isa = PBXBuildFile; fileRef = B859ED472A94FBD00096CD8C /* TransactionItem.swift */; };
		B859ED4C2A9507990096CD8C /* TransactionsViewModelTests.swift in Sources */ = {isa = PBXBuildFile; fileRef = B859ED4B2A9507990096CD8C /* TransactionsViewModelTests.swift */; };
		B8D21AF72A93B50A006AED82 /* WorldOfPAYBACKApp.swift in Sources */ = {isa = PBXBuildFile; fileRef = B8D21AF62A93B50A006AED82 /* WorldOfPAYBACKApp.swift */; };
		B8D21AF92A93B50A006AED82 /* MainView.swift in Sources */ = {isa = PBXBuildFile; fileRef = B8D21AF82A93B50A006AED82 /* MainView.swift */; };
		B8D21AFB2A93B50B006AED82 /* Assets.xcassets in Resources */ = {isa = PBXBuildFile; fileRef = B8D21AFA2A93B50B006AED82 /* Assets.xcassets */; };
		B8D21B132A93B50B006AED82 /* WorldOfPAYBACKUITests.swift in Sources */ = {isa = PBXBuildFile; fileRef = B8D21B122A93B50B006AED82 /* WorldOfPAYBACKUITests.swift */; };
		B8D21B152A93B50B006AED82 /* WorldOfPAYBACKUITestsLaunchTests.swift in Sources */ = {isa = PBXBuildFile; fileRef = B8D21B142A93B50B006AED82 /* WorldOfPAYBACKUITestsLaunchTests.swift */; };
/* End PBXBuildFile section */

/* Begin PBXContainerItemProxy section */
		B8D21B052A93B50B006AED82 /* PBXContainerItemProxy */ = {
			isa = PBXContainerItemProxy;
			containerPortal = B8D21AEB2A93B50A006AED82 /* Project object */;
			proxyType = 1;
			remoteGlobalIDString = B8D21AF22A93B50A006AED82;
			remoteInfo = WorldOfPAYBACK;
		};
		B8D21B0F2A93B50B006AED82 /* PBXContainerItemProxy */ = {
			isa = PBXContainerItemProxy;
			containerPortal = B8D21AEB2A93B50A006AED82 /* Project object */;
			proxyType = 1;
			remoteGlobalIDString = B8D21AF22A93B50A006AED82;
			remoteInfo = WorldOfPAYBACK;
		};
/* End PBXContainerItemProxy section */

/* Begin PBXFileReference section */
		B80EE94F2A96532A00B84315 /* TransactionDetailsView.swift */ = {isa = PBXFileReference; lastKnownFileType = sourcecode.swift; path = TransactionDetailsView.swift; sourceTree = "<group>"; };
		B80EE9572A96626700B84315 /* en */ = {isa = PBXFileReference; lastKnownFileType = text.plist.strings; name = en; path = en.lproj/Localizable.strings; sourceTree = "<group>"; };
		B80EE9592A96626D00B84315 /* de */ = {isa = PBXFileReference; lastKnownFileType = text.plist.strings; name = de; path = de.lproj/Localizable.strings; sourceTree = "<group>"; };
		B80EE95A2A96626F00B84315 /* pt-BR */ = {isa = PBXFileReference; lastKnownFileType = text.plist.strings; name = "pt-BR"; path = "pt-BR.lproj/Localizable.strings"; sourceTree = "<group>"; };
		B816AB0F2A93BA22003A850D /* TransactionsView.swift */ = {isa = PBXFileReference; lastKnownFileType = sourcecode.swift; path = TransactionsView.swift; sourceTree = "<group>"; };
		B816AB112A93BDAC003A850D /* Info.plist */ = {isa = PBXFileReference; lastKnownFileType = text.plist; path = Info.plist; sourceTree = "<group>"; };
		B816AB132A93C13A003A850D /* TransactionsAPI.swift */ = {isa = PBXFileReference; lastKnownFileType = sourcecode.swift; path = TransactionsAPI.swift; sourceTree = "<group>"; };
		B816AB152A93C1C7003A850D /* NetworkConfig.swift */ = {isa = PBXFileReference; lastKnownFileType = sourcecode.swift; path = NetworkConfig.swift; sourceTree = "<group>"; };
		B816AB182A93D8B5003A850D /* PBTransactions.json */ = {isa = PBXFileReference; lastKnownFileType = text.json; path = PBTransactions.json; sourceTree = "<group>"; };
		B816AB1D2A93D990003A850D /* TransactionsAPITests.swift */ = {isa = PBXFileReference; lastKnownFileType = sourcecode.swift; path = TransactionsAPITests.swift; sourceTree = "<group>"; };
		B816AB202A93DAB9003A850D /* PBTransactions.json */ = {isa = PBXFileReference; lastKnownFileType = text.json; path = PBTransactions.json; sourceTree = "<group>"; };
		B816AB232A93E2C8003A850D /* TransactionsApiModel.swift */ = {isa = PBXFileReference; lastKnownFileType = sourcecode.swift; path = TransactionsApiModel.swift; sourceTree = "<group>"; };
		B859ED412A94FAB50096CD8C /* TransactionsViewModel.swift */ = {isa = PBXFileReference; lastKnownFileType = sourcecode.swift; path = TransactionsViewModel.swift; sourceTree = "<group>"; };
		B859ED442A94FB5C0096CD8C /* TransactionsItemView.swift */ = {isa = PBXFileReference; lastKnownFileType = sourcecode.swift; path = TransactionsItemView.swift; sourceTree = "<group>"; };
		B859ED472A94FBD00096CD8C /* TransactionItem.swift */ = {isa = PBXFileReference; lastKnownFileType = sourcecode.swift; path = TransactionItem.swift; sourceTree = "<group>"; };
		B859ED4B2A9507990096CD8C /* TransactionsViewModelTests.swift */ = {isa = PBXFileReference; lastKnownFileType = sourcecode.swift; path = TransactionsViewModelTests.swift; sourceTree = "<group>"; };
		B8D21AF32A93B50A006AED82 /* WorldOfPAYBACK.app */ = {isa = PBXFileReference; explicitFileType = wrapper.application; includeInIndex = 0; path = WorldOfPAYBACK.app; sourceTree = BUILT_PRODUCTS_DIR; };
		B8D21AF62A93B50A006AED82 /* WorldOfPAYBACKApp.swift */ = {isa = PBXFileReference; lastKnownFileType = sourcecode.swift; path = WorldOfPAYBACKApp.swift; sourceTree = "<group>"; };
		B8D21AF82A93B50A006AED82 /* MainView.swift */ = {isa = PBXFileReference; lastKnownFileType = sourcecode.swift; path = MainView.swift; sourceTree = "<group>"; };
		B8D21AFA2A93B50B006AED82 /* Assets.xcassets */ = {isa = PBXFileReference; lastKnownFileType = folder.assetcatalog; path = Assets.xcassets; sourceTree = "<group>"; };
		B8D21AFF2A93B50B006AED82 /* WorldOfPAYBACK.entitlements */ = {isa = PBXFileReference; lastKnownFileType = text.plist.entitlements; path = WorldOfPAYBACK.entitlements; sourceTree = "<group>"; };
		B8D21B042A93B50B006AED82 /* WorldOfPAYBACKTests.xctest */ = {isa = PBXFileReference; explicitFileType = wrapper.cfbundle; includeInIndex = 0; path = WorldOfPAYBACKTests.xctest; sourceTree = BUILT_PRODUCTS_DIR; };
		B8D21B0E2A93B50B006AED82 /* WorldOfPAYBACKUITests.xctest */ = {isa = PBXFileReference; explicitFileType = wrapper.cfbundle; includeInIndex = 0; path = WorldOfPAYBACKUITests.xctest; sourceTree = BUILT_PRODUCTS_DIR; };
		B8D21B122A93B50B006AED82 /* WorldOfPAYBACKUITests.swift */ = {isa = PBXFileReference; lastKnownFileType = sourcecode.swift; path = WorldOfPAYBACKUITests.swift; sourceTree = "<group>"; };
		B8D21B142A93B50B006AED82 /* WorldOfPAYBACKUITestsLaunchTests.swift */ = {isa = PBXFileReference; lastKnownFileType = sourcecode.swift; path = WorldOfPAYBACKUITestsLaunchTests.swift; sourceTree = "<group>"; };
/* End PBXFileReference section */

/* Begin PBXFrameworksBuildPhase section */
		B8D21AF02A93B50A006AED82 /* Frameworks */ = {
			isa = PBXFrameworksBuildPhase;
			buildActionMask = 2147483647;
			files = (
			);
			runOnlyForDeploymentPostprocessing = 0;
		};
		B8D21B012A93B50B006AED82 /* Frameworks */ = {
			isa = PBXFrameworksBuildPhase;
			buildActionMask = 2147483647;
			files = (
			);
			runOnlyForDeploymentPostprocessing = 0;
		};
		B8D21B0B2A93B50B006AED82 /* Frameworks */ = {
			isa = PBXFrameworksBuildPhase;
			buildActionMask = 2147483647;
			files = (
			);
			runOnlyForDeploymentPostprocessing = 0;
		};
/* End PBXFrameworksBuildPhase section */

/* Begin PBXGroup section */
		B80EE94E2A96531000B84315 /* Details */ = {
			isa = PBXGroup;
			children = (
				B80EE94F2A96532A00B84315 /* TransactionDetailsView.swift */,
			);
			path = Details;
			sourceTree = "<group>";
		};
		B80EE9532A9660B100B84315 /* Resources */ = {
			isa = PBXGroup;
			children = (
				B80EE9582A96626700B84315 /* Localizable.strings */,
			);
			path = Resources;
			sourceTree = "<group>";
		};
		B816AB0D2A93B9C1003A850D /* Views */ = {
			isa = PBXGroup;
			children = (
				B8D21AF82A93B50A006AED82 /* MainView.swift */,
				B816AB0E2A93BA0C003A850D /* Transactions */,
			);
			path = Views;
			sourceTree = "<group>";
		};
		B816AB0E2A93BA0C003A850D /* Transactions */ = {
			isa = PBXGroup;
			children = (
				B80EE94E2A96531000B84315 /* Details */,
				B816AB0F2A93BA22003A850D /* TransactionsView.swift */,
				B859ED412A94FAB50096CD8C /* TransactionsViewModel.swift */,
				B859ED432A94FB340096CD8C /* Item */,
			);
			path = Transactions;
			sourceTree = "<group>";
		};
		B816AB122A93C0F1003A850D /* Network */ = {
			isa = PBXGroup;
			children = (
				B816AB172A93D86A003A850D /* Transactions */,
				B816AB152A93C1C7003A850D /* NetworkConfig.swift */,
			);
			path = Network;
			sourceTree = "<group>";
		};
		B816AB172A93D86A003A850D /* Transactions */ = {
			isa = PBXGroup;
			children = (
				B816AB132A93C13A003A850D /* TransactionsAPI.swift */,
				B816AB232A93E2C8003A850D /* TransactionsApiModel.swift */,
				B816AB182A93D8B5003A850D /* PBTransactions.json */,
			);
			path = Transactions;
			sourceTree = "<group>";
		};
		B816AB192A93D958003A850D /* Network */ = {
			isa = PBXGroup;
			children = (
				B816AB1A2A93D960003A850D /* Transactions */,
			);
			path = Network;
			sourceTree = "<group>";
		};
		B816AB1A2A93D960003A850D /* Transactions */ = {
			isa = PBXGroup;
			children = (
				B816AB1D2A93D990003A850D /* TransactionsAPITests.swift */,
				B816AB202A93DAB9003A850D /* PBTransactions.json */,
			);
			path = Transactions;
			sourceTree = "<group>";
		};
		B859ED432A94FB340096CD8C /* Item */ = {
			isa = PBXGroup;
			children = (
				B859ED442A94FB5C0096CD8C /* TransactionsItemView.swift */,
			);
			path = Item;
			sourceTree = "<group>";
		};
		B859ED462A94FBB10096CD8C /* Model */ = {
			isa = PBXGroup;
			children = (
				B859ED472A94FBD00096CD8C /* TransactionItem.swift */,
			);
			path = Model;
			sourceTree = "<group>";
		};
		B859ED492A9507690096CD8C /* Views */ = {
			isa = PBXGroup;
			children = (
				B859ED4A2A9507720096CD8C /* Transactions */,
			);
			path = Views;
			sourceTree = "<group>";
		};
		B859ED4A2A9507720096CD8C /* Transactions */ = {
			isa = PBXGroup;
			children = (
				B859ED4B2A9507990096CD8C /* TransactionsViewModelTests.swift */,
			);
			path = Transactions;
			sourceTree = "<group>";
		};
		B8D21AEA2A93B50A006AED82 = {
			isa = PBXGroup;
			children = (
				B8D21AF52A93B50A006AED82 /* WorldOfPAYBACK */,
				B8D21B072A93B50B006AED82 /* WorldOfPAYBACKTests */,
				B8D21B112A93B50B006AED82 /* WorldOfPAYBACKUITests */,
				B8D21AF42A93B50A006AED82 /* Products */,
			);
			sourceTree = "<group>";
		};
		B8D21AF42A93B50A006AED82 /* Products */ = {
			isa = PBXGroup;
			children = (
				B8D21AF32A93B50A006AED82 /* WorldOfPAYBACK.app */,
				B8D21B042A93B50B006AED82 /* WorldOfPAYBACKTests.xctest */,
				B8D21B0E2A93B50B006AED82 /* WorldOfPAYBACKUITests.xctest */,
			);
			name = Products;
			sourceTree = "<group>";
		};
		B8D21AF52A93B50A006AED82 /* WorldOfPAYBACK */ = {
			isa = PBXGroup;
			children = (
				B816AB112A93BDAC003A850D /* Info.plist */,
				B8D21AF62A93B50A006AED82 /* WorldOfPAYBACKApp.swift */,
				B8D21AFA2A93B50B006AED82 /* Assets.xcassets */,
				B8D21AFF2A93B50B006AED82 /* WorldOfPAYBACK.entitlements */,
				B859ED462A94FBB10096CD8C /* Model */,
				B816AB122A93C0F1003A850D /* Network */,
				B816AB0D2A93B9C1003A850D /* Views */,
				B80EE9532A9660B100B84315 /* Resources */,
			);
			path = WorldOfPAYBACK;
			sourceTree = "<group>";
		};
		B8D21B072A93B50B006AED82 /* WorldOfPAYBACKTests */ = {
			isa = PBXGroup;
			children = (
				B816AB192A93D958003A850D /* Network */,
				B859ED492A9507690096CD8C /* Views */,
			);
			path = WorldOfPAYBACKTests;
			sourceTree = "<group>";
		};
		B8D21B112A93B50B006AED82 /* WorldOfPAYBACKUITests */ = {
			isa = PBXGroup;
			children = (
				B8D21B122A93B50B006AED82 /* WorldOfPAYBACKUITests.swift */,
				B8D21B142A93B50B006AED82 /* WorldOfPAYBACKUITestsLaunchTests.swift */,
			);
			path = WorldOfPAYBACKUITests;
			sourceTree = "<group>";
		};
/* End PBXGroup section */

/* Begin PBXNativeTarget section */
		B8D21AF22A93B50A006AED82 /* WorldOfPAYBACK */ = {
			isa = PBXNativeTarget;
			buildConfigurationList = B8D21B182A93B50B006AED82 /* Build configuration list for PBXNativeTarget "WorldOfPAYBACK" */;
			buildPhases = (
				B8D21AEF2A93B50A006AED82 /* Sources */,
				B8D21AF02A93B50A006AED82 /* Frameworks */,
				B8D21AF12A93B50A006AED82 /* Resources */,
			);
			buildRules = (
			);
			dependencies = (
			);
			name = WorldOfPAYBACK;
			productName = WorldOfPAYBACK;
			productReference = B8D21AF32A93B50A006AED82 /* WorldOfPAYBACK.app */;
			productType = "com.apple.product-type.application";
		};
		B8D21B032A93B50B006AED82 /* WorldOfPAYBACKTests */ = {
			isa = PBXNativeTarget;
			buildConfigurationList = B8D21B1B2A93B50B006AED82 /* Build configuration list for PBXNativeTarget "WorldOfPAYBACKTests" */;
			buildPhases = (
				B8D21B002A93B50B006AED82 /* Sources */,
				B8D21B012A93B50B006AED82 /* Frameworks */,
				B8D21B022A93B50B006AED82 /* Resources */,
			);
			buildRules = (
			);
			dependencies = (
				B8D21B062A93B50B006AED82 /* PBXTargetDependency */,
			);
			name = WorldOfPAYBACKTests;
			productName = WorldOfPAYBACKTests;
			productReference = B8D21B042A93B50B006AED82 /* WorldOfPAYBACKTests.xctest */;
			productType = "com.apple.product-type.bundle.unit-test";
		};
		B8D21B0D2A93B50B006AED82 /* WorldOfPAYBACKUITests */ = {
			isa = PBXNativeTarget;
			buildConfigurationList = B8D21B1E2A93B50B006AED82 /* Build configuration list for PBXNativeTarget "WorldOfPAYBACKUITests" */;
			buildPhases = (
				B8D21B0A2A93B50B006AED82 /* Sources */,
				B8D21B0B2A93B50B006AED82 /* Frameworks */,
				B8D21B0C2A93B50B006AED82 /* Resources */,
			);
			buildRules = (
			);
			dependencies = (
				B8D21B102A93B50B006AED82 /* PBXTargetDependency */,
			);
			name = WorldOfPAYBACKUITests;
			productName = WorldOfPAYBACKUITests;
			productReference = B8D21B0E2A93B50B006AED82 /* WorldOfPAYBACKUITests.xctest */;
			productType = "com.apple.product-type.bundle.ui-testing";
		};
/* End PBXNativeTarget section */

/* Begin PBXProject section */
		B8D21AEB2A93B50A006AED82 /* Project object */ = {
			isa = PBXProject;
			attributes = {
				BuildIndependentTargetsInParallel = 1;
				LastSwiftUpdateCheck = 1420;
				LastUpgradeCheck = 1420;
				TargetAttributes = {
					B8D21AF22A93B50A006AED82 = {
						CreatedOnToolsVersion = 14.2;
					};
					B8D21B032A93B50B006AED82 = {
						CreatedOnToolsVersion = 14.2;
						LastSwiftMigration = 1420;
						TestTargetID = B8D21AF22A93B50A006AED82;
					};
					B8D21B0D2A93B50B006AED82 = {
						CreatedOnToolsVersion = 14.2;
						TestTargetID = B8D21AF22A93B50A006AED82;
					};
				};
			};
			buildConfigurationList = B8D21AEE2A93B50A006AED82 /* Build configuration list for PBXProject "WorldOfPAYBACK" */;
			compatibilityVersion = "Xcode 14.0";
			developmentRegion = en;
			hasScannedForEncodings = 0;
			knownRegions = (
				en,
				de,
				"pt-BR",
			);
			mainGroup = B8D21AEA2A93B50A006AED82;
			productRefGroup = B8D21AF42A93B50A006AED82 /* Products */;
			projectDirPath = "";
			projectRoot = "";
			targets = (
				B8D21AF22A93B50A006AED82 /* WorldOfPAYBACK */,
				B8D21B032A93B50B006AED82 /* WorldOfPAYBACKTests */,
				B8D21B0D2A93B50B006AED82 /* WorldOfPAYBACKUITests */,
			);
		};
/* End PBXProject section */

/* Begin PBXResourcesBuildPhase section */
		B8D21AF12A93B50A006AED82 /* Resources */ = {
			isa = PBXResourcesBuildPhase;
			buildActionMask = 2147483647;
			files = (
				B816AB222A93DFCD003A850D /* PBTransactions.json in Resources */,
				B80EE9562A96626700B84315 /* Localizable.strings in Resources */,
				B8D21AFB2A93B50B006AED82 /* Assets.xcassets in Resources */,
			);
			runOnlyForDeploymentPostprocessing = 0;
		};
		B8D21B022A93B50B006AED82 /* Resources */ = {
			isa = PBXResourcesBuildPhase;
			buildActionMask = 2147483647;
			files = (
				B816AB212A93DFC9003A850D /* PBTransactions.json in Resources */,
			);
			runOnlyForDeploymentPostprocessing = 0;
		};
		B8D21B0C2A93B50B006AED82 /* Resources */ = {
			isa = PBXResourcesBuildPhase;
			buildActionMask = 2147483647;
			files = (
			);
			runOnlyForDeploymentPostprocessing = 0;
		};
/* End PBXResourcesBuildPhase section */

/* Begin PBXSourcesBuildPhase section */
		B8D21AEF2A93B50A006AED82 /* Sources */ = {
			isa = PBXSourcesBuildPhase;
			buildActionMask = 2147483647;
			files = (
				B859ED452A94FB5C0096CD8C /* TransactionsItemView.swift in Sources */,
				B859ED482A94FBD00096CD8C /* TransactionItem.swift in Sources */,
				B8D21AF92A93B50A006AED82 /* MainView.swift in Sources */,
				B816AB162A93C1C7003A850D /* NetworkConfig.swift in Sources */,
				B8D21AF72A93B50A006AED82 /* WorldOfPAYBACKApp.swift in Sources */,
				B816AB242A93E2C8003A850D /* TransactionsApiModel.swift in Sources */,
				B816AB102A93BA22003A850D /* TransactionsView.swift in Sources */,
				B859ED422A94FAB50096CD8C /* TransactionsViewModel.swift in Sources */,
				B80EE9502A96532A00B84315 /* TransactionDetailsView.swift in Sources */,
				B816AB142A93C13A003A850D /* TransactionsAPI.swift in Sources */,
			);
			runOnlyForDeploymentPostprocessing = 0;
		};
		B8D21B002A93B50B006AED82 /* Sources */ = {
			isa = PBXSourcesBuildPhase;
			buildActionMask = 2147483647;
			files = (
				B859ED4C2A9507990096CD8C /* TransactionsViewModelTests.swift in Sources */,
				B816AB1E2A93D990003A850D /* TransactionsAPITests.swift in Sources */,
			);
			runOnlyForDeploymentPostprocessing = 0;
		};
		B8D21B0A2A93B50B006AED82 /* Sources */ = {
			isa = PBXSourcesBuildPhase;
			buildActionMask = 2147483647;
			files = (
				B8D21B152A93B50B006AED82 /* WorldOfPAYBACKUITestsLaunchTests.swift in Sources */,
				B8D21B132A93B50B006AED82 /* WorldOfPAYBACKUITests.swift in Sources */,
			);
			runOnlyForDeploymentPostprocessing = 0;
		};
/* End PBXSourcesBuildPhase section */

/* Begin PBXTargetDependency section */
		B8D21B062A93B50B006AED82 /* PBXTargetDependency */ = {
			isa = PBXTargetDependency;
			target = B8D21AF22A93B50A006AED82 /* WorldOfPAYBACK */;
			targetProxy = B8D21B052A93B50B006AED82 /* PBXContainerItemProxy */;
		};
		B8D21B102A93B50B006AED82 /* PBXTargetDependency */ = {
			isa = PBXTargetDependency;
			target = B8D21AF22A93B50A006AED82 /* WorldOfPAYBACK */;
			targetProxy = B8D21B0F2A93B50B006AED82 /* PBXContainerItemProxy */;
		};
/* End PBXTargetDependency section */

/* Begin PBXVariantGroup section */
		B80EE9582A96626700B84315 /* Localizable.strings */ = {
			isa = PBXVariantGroup;
			children = (
				B80EE9572A96626700B84315 /* en */,
				B80EE9592A96626D00B84315 /* de */,
				B80EE95A2A96626F00B84315 /* pt-BR */,
			);
			name = Localizable.strings;
			sourceTree = "<group>";
		};
/* End PBXVariantGroup section */

/* Begin XCBuildConfiguration section */
		B8D21B162A93B50B006AED82 /* Debug */ = {
			isa = XCBuildConfiguration;
			buildSettings = {
				ALWAYS_SEARCH_USER_PATHS = NO;
				CLANG_ANALYZER_NONNULL = YES;
				CLANG_ANALYZER_NUMBER_OBJECT_CONVERSION = YES_AGGRESSIVE;
				CLANG_CXX_LANGUAGE_STANDARD = "gnu++20";
				CLANG_ENABLE_MODULES = YES;
				CLANG_ENABLE_OBJC_ARC = YES;
				CLANG_ENABLE_OBJC_WEAK = YES;
				CLANG_WARN_BLOCK_CAPTURE_AUTORELEASING = YES;
				CLANG_WARN_BOOL_CONVERSION = YES;
				CLANG_WARN_COMMA = YES;
				CLANG_WARN_CONSTANT_CONVERSION = YES;
				CLANG_WARN_DEPRECATED_OBJC_IMPLEMENTATIONS = YES;
				CLANG_WARN_DIRECT_OBJC_ISA_USAGE = YES_ERROR;
				CLANG_WARN_DOCUMENTATION_COMMENTS = YES;
				CLANG_WARN_EMPTY_BODY = YES;
				CLANG_WARN_ENUM_CONVERSION = YES;
				CLANG_WARN_INFINITE_RECURSION = YES;
				CLANG_WARN_INT_CONVERSION = YES;
				CLANG_WARN_NON_LITERAL_NULL_CONVERSION = YES;
				CLANG_WARN_OBJC_IMPLICIT_RETAIN_SELF = YES;
				CLANG_WARN_OBJC_LITERAL_CONVERSION = YES;
				CLANG_WARN_OBJC_ROOT_CLASS = YES_ERROR;
				CLANG_WARN_QUOTED_INCLUDE_IN_FRAMEWORK_HEADER = YES;
				CLANG_WARN_RANGE_LOOP_ANALYSIS = YES;
				CLANG_WARN_STRICT_PROTOTYPES = YES;
				CLANG_WARN_SUSPICIOUS_MOVE = YES;
				CLANG_WARN_UNGUARDED_AVAILABILITY = YES_AGGRESSIVE;
				CLANG_WARN_UNREACHABLE_CODE = YES;
				CLANG_WARN__DUPLICATE_METHOD_MATCH = YES;
				COPY_PHASE_STRIP = NO;
				DEBUG_INFORMATION_FORMAT = dwarf;
				ENABLE_STRICT_OBJC_MSGSEND = YES;
				ENABLE_TESTABILITY = YES;
				GCC_C_LANGUAGE_STANDARD = gnu11;
				GCC_DYNAMIC_NO_PIC = NO;
				GCC_NO_COMMON_BLOCKS = YES;
				GCC_OPTIMIZATION_LEVEL = 0;
				GCC_PREPROCESSOR_DEFINITIONS = (
					"DEBUG=1",
					"$(inherited)",
				);
				GCC_WARN_64_TO_32_BIT_CONVERSION = YES;
				GCC_WARN_ABOUT_RETURN_TYPE = YES_ERROR;
				GCC_WARN_UNDECLARED_SELECTOR = YES;
				GCC_WARN_UNINITIALIZED_AUTOS = YES_AGGRESSIVE;
				GCC_WARN_UNUSED_FUNCTION = YES;
				GCC_WARN_UNUSED_VARIABLE = YES;
				IPHONEOS_DEPLOYMENT_TARGET = 16.0;
				MACOSX_DEPLOYMENT_TARGET = 13.1;
				MTL_ENABLE_DEBUG_INFO = INCLUDE_SOURCE;
				MTL_FAST_MATH = YES;
				ONLY_ACTIVE_ARCH = YES;
				SDKROOT = macosx;
				SWIFT_ACTIVE_COMPILATION_CONDITIONS = DEBUG;
				SWIFT_OPTIMIZATION_LEVEL = "-Onone";
			};
			name = Debug;
		};
		B8D21B172A93B50B006AED82 /* Release */ = {
			isa = XCBuildConfiguration;
			buildSettings = {
				ALWAYS_SEARCH_USER_PATHS = NO;
				CLANG_ANALYZER_NONNULL = YES;
				CLANG_ANALYZER_NUMBER_OBJECT_CONVERSION = YES_AGGRESSIVE;
				CLANG_CXX_LANGUAGE_STANDARD = "gnu++20";
				CLANG_ENABLE_MODULES = YES;
				CLANG_ENABLE_OBJC_ARC = YES;
				CLANG_ENABLE_OBJC_WEAK = YES;
				CLANG_WARN_BLOCK_CAPTURE_AUTORELEASING = YES;
				CLANG_WARN_BOOL_CONVERSION = YES;
				CLANG_WARN_COMMA = YES;
				CLANG_WARN_CONSTANT_CONVERSION = YES;
				CLANG_WARN_DEPRECATED_OBJC_IMPLEMENTATIONS = YES;
				CLANG_WARN_DIRECT_OBJC_ISA_USAGE = YES_ERROR;
				CLANG_WARN_DOCUMENTATION_COMMENTS = YES;
				CLANG_WARN_EMPTY_BODY = YES;
				CLANG_WARN_ENUM_CONVERSION = YES;
				CLANG_WARN_INFINITE_RECURSION = YES;
				CLANG_WARN_INT_CONVERSION = YES;
				CLANG_WARN_NON_LITERAL_NULL_CONVERSION = YES;
				CLANG_WARN_OBJC_IMPLICIT_RETAIN_SELF = YES;
				CLANG_WARN_OBJC_LITERAL_CONVERSION = YES;
				CLANG_WARN_OBJC_ROOT_CLASS = YES_ERROR;
				CLANG_WARN_QUOTED_INCLUDE_IN_FRAMEWORK_HEADER = YES;
				CLANG_WARN_RANGE_LOOP_ANALYSIS = YES;
				CLANG_WARN_STRICT_PROTOTYPES = YES;
				CLANG_WARN_SUSPICIOUS_MOVE = YES;
				CLANG_WARN_UNGUARDED_AVAILABILITY = YES_AGGRESSIVE;
				CLANG_WARN_UNREACHABLE_CODE = YES;
				CLANG_WARN__DUPLICATE_METHOD_MATCH = YES;
				COPY_PHASE_STRIP = NO;
				DEBUG_INFORMATION_FORMAT = "dwarf-with-dsym";
				ENABLE_NS_ASSERTIONS = NO;
				ENABLE_STRICT_OBJC_MSGSEND = YES;
				GCC_C_LANGUAGE_STANDARD = gnu11;
				GCC_NO_COMMON_BLOCKS = YES;
				GCC_WARN_64_TO_32_BIT_CONVERSION = YES;
				GCC_WARN_ABOUT_RETURN_TYPE = YES_ERROR;
				GCC_WARN_UNDECLARED_SELECTOR = YES;
				GCC_WARN_UNINITIALIZED_AUTOS = YES_AGGRESSIVE;
				GCC_WARN_UNUSED_FUNCTION = YES;
				GCC_WARN_UNUSED_VARIABLE = YES;
				IPHONEOS_DEPLOYMENT_TARGET = 16.0;
				MACOSX_DEPLOYMENT_TARGET = 13.1;
				MTL_ENABLE_DEBUG_INFO = NO;
				MTL_FAST_MATH = YES;
				SDKROOT = macosx;
				SWIFT_COMPILATION_MODE = wholemodule;
				SWIFT_OPTIMIZATION_LEVEL = "-O";
			};
			name = Release;
		};
		B8D21B192A93B50B006AED82 /* Debug */ = {
			isa = XCBuildConfiguration;
			buildSettings = {
				ASSETCATALOG_COMPILER_APPICON_NAME = AppIcon;
				ASSETCATALOG_COMPILER_GLOBAL_ACCENT_COLOR_NAME = AccentColor;
				CODE_SIGN_ENTITLEMENTS = WorldOfPAYBACK/WorldOfPAYBACK.entitlements;
				CODE_SIGN_STYLE = Automatic;
				COMBINE_HIDPI_IMAGES = YES;
				CURRENT_PROJECT_VERSION = 1;
				ENABLE_PREVIEWS = YES;
				GENERATE_INFOPLIST_FILE = YES;
				INFOPLIST_FILE = WorldOfPAYBACK/Info.plist;
				INFOPLIST_KEY_NSHumanReadableCopyright = "";
				INFOPLIST_KEY_UIStatusBarStyle = "";
				INFOPLIST_KEY_UISupportedInterfaceOrientations = UIInterfaceOrientationPortrait;
				IPHONEOS_DEPLOYMENT_TARGET = 16.0;
				LD_RUNPATH_SEARCH_PATHS = (
					"$(inherited)",
					"@executable_path/../Frameworks",
				);
				MARKETING_VERSION = 1.0;
				PRODUCT_BUNDLE_IDENTIFIER = flock.WorldOfPAYBACK;
				PRODUCT_NAME = "$(TARGET_NAME)";
				SUPPORTED_PLATFORMS = "iphoneos iphonesimulator macosx";
				SUPPORTS_MACCATALYST = NO;
				SUPPORTS_MAC_DESIGNED_FOR_IPHONE_IPAD = NO;
				SWIFT_EMIT_LOC_STRINGS = YES;
				SWIFT_VERSION = 5.0;
				TARGETED_DEVICE_FAMILY = 1;
			};
			name = Debug;
		};
		B8D21B1A2A93B50B006AED82 /* Release */ = {
			isa = XCBuildConfiguration;
			buildSettings = {
				ASSETCATALOG_COMPILER_APPICON_NAME = AppIcon;
				ASSETCATALOG_COMPILER_GLOBAL_ACCENT_COLOR_NAME = AccentColor;
				CODE_SIGN_ENTITLEMENTS = WorldOfPAYBACK/WorldOfPAYBACK.entitlements;
				CODE_SIGN_STYLE = Automatic;
				COMBINE_HIDPI_IMAGES = YES;
				CURRENT_PROJECT_VERSION = 1;
				ENABLE_PREVIEWS = YES;
				GENERATE_INFOPLIST_FILE = YES;
				INFOPLIST_FILE = WorldOfPAYBACK/Info.plist;
				INFOPLIST_KEY_NSHumanReadableCopyright = "";
				INFOPLIST_KEY_UIStatusBarStyle = "";
				INFOPLIST_KEY_UISupportedInterfaceOrientations = UIInterfaceOrientationPortrait;
				IPHONEOS_DEPLOYMENT_TARGET = 16.0;
				LD_RUNPATH_SEARCH_PATHS = (
					"$(inherited)",
					"@executable_path/../Frameworks",
				);
				MARKETING_VERSION = 1.0;
				PRODUCT_BUNDLE_IDENTIFIER = flock.WorldOfPAYBACK;
				PRODUCT_NAME = "$(TARGET_NAME)";
				SUPPORTED_PLATFORMS = "iphoneos iphonesimulator macosx";
				SUPPORTS_MACCATALYST = NO;
				SUPPORTS_MAC_DESIGNED_FOR_IPHONE_IPAD = NO;
				SWIFT_EMIT_LOC_STRINGS = YES;
				SWIFT_VERSION = 5.0;
				TARGETED_DEVICE_FAMILY = 1;
			};
			name = Release;
		};
		B8D21B1C2A93B50B006AED82 /* Debug */ = {
			isa = XCBuildConfiguration;
			buildSettings = {
				ALWAYS_EMBED_SWIFT_STANDARD_LIBRARIES = YES;
				BUNDLE_LOADER = "$(TEST_HOST)";
				CLANG_ENABLE_MODULES = YES;
				CODE_SIGN_STYLE = Automatic;
				CURRENT_PROJECT_VERSION = 1;
				GENERATE_INFOPLIST_FILE = YES;
				LD_RUNPATH_SEARCH_PATHS = (
					"$(inherited)",
					"@executable_path/../Frameworks",
					"@loader_path/../Frameworks",
				);
				MACOSX_DEPLOYMENT_TARGET = 13.1;
				MARKETING_VERSION = 1.0;
				PRODUCT_BUNDLE_IDENTIFIER = flock.WorldOfPAYBACKTests;
				PRODUCT_NAME = "$(TARGET_NAME)";
				SUPPORTED_PLATFORMS = "iphoneos iphonesimulator macosx";
				SUPPORTS_MACCATALYST = NO;
				SUPPORTS_MAC_DESIGNED_FOR_IPHONE_IPAD = NO;
				SWIFT_EMIT_LOC_STRINGS = NO;
				SWIFT_OPTIMIZATION_LEVEL = "-Onone";
				SWIFT_VERSION = 5.0;
				TARGETED_DEVICE_FAMILY = 1;
				TEST_HOST = "$(BUILT_PRODUCTS_DIR)/WorldOfPAYBACK.app/$(BUNDLE_EXECUTABLE_FOLDER_PATH)/WorldOfPAYBACK";
			};
			name = Debug;
		};
		B8D21B1D2A93B50B006AED82 /* Release */ = {
			isa = XCBuildConfiguration;
			buildSettings = {
				ALWAYS_EMBED_SWIFT_STANDARD_LIBRARIES = YES;
				BUNDLE_LOADER = "$(TEST_HOST)";
				CLANG_ENABLE_MODULES = YES;
				CODE_SIGN_STYLE = Automatic;
				CURRENT_PROJECT_VERSION = 1;
				GENERATE_INFOPLIST_FILE = YES;
				LD_RUNPATH_SEARCH_PATHS = (
					"$(inherited)",
					"@executable_path/../Frameworks",
					"@loader_path/../Frameworks",
				);
				MACOSX_DEPLOYMENT_TARGET = 13.1;
				MARKETING_VERSION = 1.0;
				PRODUCT_BUNDLE_IDENTIFIER = flock.WorldOfPAYBACKTests;
				PRODUCT_NAME = "$(TARGET_NAME)";
				SUPPORTED_PLATFORMS = "iphoneos iphonesimulator macosx";
				SUPPORTS_MACCATALYST = NO;
				SUPPORTS_MAC_DESIGNED_FOR_IPHONE_IPAD = NO;
				SWIFT_EMIT_LOC_STRINGS = NO;
				SWIFT_VERSION = 5.0;
				TARGETED_DEVICE_FAMILY = 1;
				TEST_HOST = "$(BUILT_PRODUCTS_DIR)/WorldOfPAYBACK.app/$(BUNDLE_EXECUTABLE_FOLDER_PATH)/WorldOfPAYBACK";
			};
			name = Release;
		};
		B8D21B1F2A93B50B006AED82 /* Debug */ = {
			isa = XCBuildConfiguration;
			buildSettings = {
				ALWAYS_EMBED_SWIFT_STANDARD_LIBRARIES = YES;
				CODE_SIGN_STYLE = Automatic;
				CURRENT_PROJECT_VERSION = 1;
				GENERATE_INFOPLIST_FILE = YES;
				MARKETING_VERSION = 1.0;
				PRODUCT_BUNDLE_IDENTIFIER = flock.WorldOfPAYBACKUITests;
				PRODUCT_NAME = "$(TARGET_NAME)";
				SUPPORTED_PLATFORMS = "iphoneos iphonesimulator macosx";
				SUPPORTS_MACCATALYST = NO;
				SUPPORTS_MAC_DESIGNED_FOR_IPHONE_IPAD = NO;
				SWIFT_EMIT_LOC_STRINGS = NO;
				SWIFT_VERSION = 5.0;
				TARGETED_DEVICE_FAMILY = 1;
				TEST_TARGET_NAME = WorldOfPAYBACK;
			};
			name = Debug;
		};
		B8D21B202A93B50B006AED82 /* Release */ = {
			isa = XCBuildConfiguration;
			buildSettings = {
				ALWAYS_EMBED_SWIFT_STANDARD_LIBRARIES = YES;
				CODE_SIGN_STYLE = Automatic;
				CURRENT_PROJECT_VERSION = 1;
				GENERATE_INFOPLIST_FILE = YES;
				MARKETING_VERSION = 1.0;
				PRODUCT_BUNDLE_IDENTIFIER = flock.WorldOfPAYBACKUITests;
				PRODUCT_NAME = "$(TARGET_NAME)";
				SUPPORTED_PLATFORMS = "iphoneos iphonesimulator macosx";
				SUPPORTS_MACCATALYST = NO;
				SUPPORTS_MAC_DESIGNED_FOR_IPHONE_IPAD = NO;
				SWIFT_EMIT_LOC_STRINGS = NO;
				SWIFT_VERSION = 5.0;
				TARGETED_DEVICE_FAMILY = 1;
				TEST_TARGET_NAME = WorldOfPAYBACK;
			};
			name = Release;
		};
/* End XCBuildConfiguration section */

/* Begin XCConfigurationList section */
		B8D21AEE2A93B50A006AED82 /* Build configuration list for PBXProject "WorldOfPAYBACK" */ = {
			isa = XCConfigurationList;
			buildConfigurations = (
				B8D21B162A93B50B006AED82 /* Debug */,
				B8D21B172A93B50B006AED82 /* Release */,
			);
			defaultConfigurationIsVisible = 0;
			defaultConfigurationName = Release;
		};
		B8D21B182A93B50B006AED82 /* Build configuration list for PBXNativeTarget "WorldOfPAYBACK" */ = {
			isa = XCConfigurationList;
			buildConfigurations = (
				B8D21B192A93B50B006AED82 /* Debug */,
				B8D21B1A2A93B50B006AED82 /* Release */,
			);
			defaultConfigurationIsVisible = 0;
			defaultConfigurationName = Release;
		};
		B8D21B1B2A93B50B006AED82 /* Build configuration list for PBXNativeTarget "WorldOfPAYBACKTests" */ = {
			isa = XCConfigurationList;
			buildConfigurations = (
				B8D21B1C2A93B50B006AED82 /* Debug */,
				B8D21B1D2A93B50B006AED82 /* Release */,
			);
			defaultConfigurationIsVisible = 0;
			defaultConfigurationName = Release;
		};
		B8D21B1E2A93B50B006AED82 /* Build configuration list for PBXNativeTarget "WorldOfPAYBACKUITests" */ = {
			isa = XCConfigurationList;
			buildConfigurations = (
				B8D21B1F2A93B50B006AED82 /* Debug */,
				B8D21B202A93B50B006AED82 /* Release */,
			);
			defaultConfigurationIsVisible = 0;
			defaultConfigurationName = Release;
		};
/* End XCConfigurationList section */
	};
	rootObject = B8D21AEB2A93B50A006AED82 /* Project object */;
}
